// !$*UTF8*$!
{
	archiveVersion = 1;
	classes = {
	};
	objectVersion = 77;
	objects = {

/* Begin PBXBuildFile section */
		0CBCCBA12E324E1E0094475A /* .gitignore in Resources */ = {isa = PBXBuildFile; fileRef = 0CBCCBA02E324E1E0094475A /* .gitignore */; };
/* End PBXBuildFile section */

/* Begin PBXContainerItemProxy section */
		0CBCCB842E324DFB0094475A /* PBXContainerItemProxy */ = {
			isa = PBXContainerItemProxy;
			containerPortal = 0CBCCB6B2E324DF90094475A /* Project object */;
			proxyType = 1;
			remoteGlobalIDString = 0CBCCB722E324DF90094475A;
			remoteInfo = Pree;
		};
		0CBCCB8E2E324DFB0094475A /* PBXContainerItemProxy */ = {
			isa = PBXContainerItemProxy;
			containerPortal = 0CBCCB6B2E324DF90094475A /* Project object */;
			proxyType = 1;
			remoteGlobalIDString = 0CBCCB722E324DF90094475A;
			remoteInfo = Pree;
		};
/* End PBXContainerItemProxy section */

/* Begin PBXFileReference section */
		0CBCCB732E324DF90094475A /* Pree.app */ = {isa = PBXFileReference; explicitFileType = wrapper.application; includeInIndex = 0; path = Pree.app; sourceTree = BUILT_PRODUCTS_DIR; };
		0CBCCB832E324DFB0094475A /* PreeTests.xctest */ = {isa = PBXFileReference; explicitFileType = wrapper.cfbundle; includeInIndex = 0; path = PreeTests.xctest; sourceTree = BUILT_PRODUCTS_DIR; };
		0CBCCB8D2E324DFB0094475A /* PreeUITests.xctest */ = {isa = PBXFileReference; explicitFileType = wrapper.cfbundle; includeInIndex = 0; path = PreeUITests.xctest; sourceTree = BUILT_PRODUCTS_DIR; };
		0CBCCBA02E324E1E0094475A /* .gitignore */ = {isa = PBXFileReference; lastKnownFileType = text; path = .gitignore; sourceTree = "<group>"; };
		0CBCCBA32E324E8F0094475A /* Debug.xcconfig */ = {isa = PBXFileReference; lastKnownFileType = text.xcconfig; path = Debug.xcconfig; sourceTree = "<group>"; };
		0CBCCBA42E324EA00094475A /* Release.xcconfig */ = {isa = PBXFileReference; lastKnownFileType = text.xcconfig; path = Release.xcconfig; sourceTree = "<group>"; };
/* End PBXFileReference section */

/* Begin PBXFileSystemSynchronizedBuildFileExceptionSet section */
		0CBCCBAA2E324F5D0094475A /* Exceptions for "Config" folder in "Pree" target */ = {
			isa = PBXFileSystemSynchronizedBuildFileExceptionSet;
			membershipExceptions = (
				Debug.xcconfig,
				Release.xcconfig,
			);
			target = 0CBCCB722E324DF90094475A /* Pree */;
		};
/* End PBXFileSystemSynchronizedBuildFileExceptionSet section */

/* Begin PBXFileSystemSynchronizedRootGroup section */
		0C8C03312E37753B003FD18F /* Docs */ = {
			isa = PBXFileSystemSynchronizedRootGroup;
			path = Docs;
			sourceTree = "<group>";
		};
		0CBCCB752E324DF90094475A /* Pree */ = {
			isa = PBXFileSystemSynchronizedRootGroup;
			path = Pree;
			sourceTree = "<group>";
		};
		0CBCCB862E324DFB0094475A /* PreeTests */ = {
			isa = PBXFileSystemSynchronizedRootGroup;
			path = PreeTests;
			sourceTree = "<group>";
		};
		0CBCCB902E324DFB0094475A /* PreeUITests */ = {
			isa = PBXFileSystemSynchronizedRootGroup;
			path = PreeUITests;
			sourceTree = "<group>";
		};
		0CBCCBA92E324F530094475A /* Config */ = {
			isa = PBXFileSystemSynchronizedRootGroup;
			exceptions = (
				0CBCCBAA2E324F5D0094475A /* Exceptions for "Config" folder in "Pree" target */,
			);
			path = Config;
			sourceTree = "<group>";
		};
/* End PBXFileSystemSynchronizedRootGroup section */

/* Begin PBXFrameworksBuildPhase section */
		0CBCCB702E324DF90094475A /* Frameworks */ = {
			isa = PBXFrameworksBuildPhase;
			buildActionMask = 2147483647;
			files = (
			);
			runOnlyForDeploymentPostprocessing = 0;
		};
		0CBCCB802E324DFB0094475A /* Frameworks */ = {
			isa = PBXFrameworksBuildPhase;
			buildActionMask = 2147483647;
			files = (
			);
			runOnlyForDeploymentPostprocessing = 0;
		};
		0CBCCB8A2E324DFB0094475A /* Frameworks */ = {
			isa = PBXFrameworksBuildPhase;
			buildActionMask = 2147483647;
			files = (
			);
			runOnlyForDeploymentPostprocessing = 0;
		};
/* End PBXFrameworksBuildPhase section */

/* Begin PBXGroup section */
		0C8C01432E360C19003FD18F /* Recovered References */ = {
			isa = PBXGroup;
			children = (
				0CBCCBA32E324E8F0094475A /* Debug.xcconfig */,
				0CBCCBA42E324EA00094475A /* Release.xcconfig */,
			);
			name = "Recovered References";
			sourceTree = "<group>";
		};
		0CBCCB6A2E324DF90094475A = {
			isa = PBXGroup;
			children = (
				0C8C03312E37753B003FD18F /* Docs */,
				0CBCCBA92E324F530094475A /* Config */,
				0CBCCBA02E324E1E0094475A /* .gitignore */,
				0CBCCB752E324DF90094475A /* Pree */,
				0CBCCB862E324DFB0094475A /* PreeTests */,
				0CBCCB902E324DFB0094475A /* PreeUITests */,
				0CBCCB742E324DF90094475A /* Products */,
				14246C892E336B5A008D1EDF /* Recovered References */,
			);
			sourceTree = "<group>";
		};
		0CBCCB742E324DF90094475A /* Products */ = {
			isa = PBXGroup;
			children = (
				0CBCCB732E324DF90094475A /* Pree.app */,
				0CBCCB832E324DFB0094475A /* PreeTests.xctest */,
				0CBCCB8D2E324DFB0094475A /* PreeUITests.xctest */,
			);
			name = Products;
			sourceTree = "<group>";
		};
		14246C892E336B5A008D1EDF /* Recovered References */ = {
			isa = PBXGroup;
			children = (
				0CBCCBA32E324E8F0094475A /* Debug.xcconfig */,
				0CBCCBA42E324EA00094475A /* Release.xcconfig */,
			);
			name = "Recovered References";
			sourceTree = "<group>";
		};
/* End PBXGroup section */

/* Begin PBXNativeTarget section */
		0CBCCB722E324DF90094475A /* Pree */ = {
			isa = PBXNativeTarget;
			buildConfigurationList = 0CBCCB972E324DFB0094475A /* Build configuration list for PBXNativeTarget "Pree" */;
			buildPhases = (
				0CBCCB6F2E324DF90094475A /* Sources */,
				0CBCCB702E324DF90094475A /* Frameworks */,
				0CBCCB712E324DF90094475A /* Resources */,
			);
			buildRules = (
			);
			dependencies = (
			);
			fileSystemSynchronizedGroups = (
				0C8C03312E37753B003FD18F /* Docs */,
				0CBCCB752E324DF90094475A /* Pree */,
				0CBCCBA92E324F530094475A /* Config */,
			);
			name = Pree;
			packageProductDependencies = (
			);
			productName = Pree;
			productReference = 0CBCCB732E324DF90094475A /* Pree.app */;
			productType = "com.apple.product-type.application";
		};
		0CBCCB822E324DFB0094475A /* PreeTests */ = {
			isa = PBXNativeTarget;
			buildConfigurationList = 0CBCCB9A2E324DFB0094475A /* Build configuration list for PBXNativeTarget "PreeTests" */;
			buildPhases = (
				0CBCCB7F2E324DFB0094475A /* Sources */,
				0CBCCB802E324DFB0094475A /* Frameworks */,
				0CBCCB812E324DFB0094475A /* Resources */,
			);
			buildRules = (
			);
			dependencies = (
				0CBCCB852E324DFB0094475A /* PBXTargetDependency */,
			);
			fileSystemSynchronizedGroups = (
				0CBCCB862E324DFB0094475A /* PreeTests */,
			);
			name = PreeTests;
			packageProductDependencies = (
			);
			productName = PreeTests;
			productReference = 0CBCCB832E324DFB0094475A /* PreeTests.xctest */;
			productType = "com.apple.product-type.bundle.unit-test";
		};
		0CBCCB8C2E324DFB0094475A /* PreeUITests */ = {
			isa = PBXNativeTarget;
			buildConfigurationList = 0CBCCB9D2E324DFB0094475A /* Build configuration list for PBXNativeTarget "PreeUITests" */;
			buildPhases = (
				0CBCCB892E324DFB0094475A /* Sources */,
				0CBCCB8A2E324DFB0094475A /* Frameworks */,
				0CBCCB8B2E324DFB0094475A /* Resources */,
			);
			buildRules = (
			);
			dependencies = (
				0CBCCB8F2E324DFB0094475A /* PBXTargetDependency */,
			);
			fileSystemSynchronizedGroups = (
				0CBCCB902E324DFB0094475A /* PreeUITests */,
			);
			name = PreeUITests;
			packageProductDependencies = (
			);
			productName = PreeUITests;
			productReference = 0CBCCB8D2E324DFB0094475A /* PreeUITests.xctest */;
			productType = "com.apple.product-type.bundle.ui-testing";
		};
/* End PBXNativeTarget section */

/* Begin PBXProject section */
		0CBCCB6B2E324DF90094475A /* Project object */ = {
			isa = PBXProject;
			attributes = {
				BuildIndependentTargetsInParallel = 1;
				LastSwiftUpdateCheck = 1620;
				LastUpgradeCheck = 1620;
				TargetAttributes = {
					0CBCCB722E324DF90094475A = {
						CreatedOnToolsVersion = 16.2;
					};
					0CBCCB822E324DFB0094475A = {
						CreatedOnToolsVersion = 16.2;
						TestTargetID = 0CBCCB722E324DF90094475A;
					};
					0CBCCB8C2E324DFB0094475A = {
						CreatedOnToolsVersion = 16.2;
						TestTargetID = 0CBCCB722E324DF90094475A;
					};
				};
			};
			buildConfigurationList = 0CBCCB6E2E324DF90094475A /* Build configuration list for PBXProject "Pree" */;
			developmentRegion = en;
			hasScannedForEncodings = 0;
			knownRegions = (
				en,
				Base,
			);
			mainGroup = 0CBCCB6A2E324DF90094475A;
			minimizedProjectReferenceProxies = 1;
			preferredProjectObjectVersion = 77;
			productRefGroup = 0CBCCB742E324DF90094475A /* Products */;
			projectDirPath = "";
			projectRoot = "";
			targets = (
				0CBCCB722E324DF90094475A /* Pree */,
				0CBCCB822E324DFB0094475A /* PreeTests */,
				0CBCCB8C2E324DFB0094475A /* PreeUITests */,
			);
		};
/* End PBXProject section */

/* Begin PBXResourcesBuildPhase section */
		0CBCCB712E324DF90094475A /* Resources */ = {
			isa = PBXResourcesBuildPhase;
			buildActionMask = 2147483647;
			files = (
				0CBCCBA12E324E1E0094475A /* .gitignore in Resources */,
			);
			runOnlyForDeploymentPostprocessing = 0;
		};
		0CBCCB812E324DFB0094475A /* Resources */ = {
			isa = PBXResourcesBuildPhase;
			buildActionMask = 2147483647;
			files = (
			);
			runOnlyForDeploymentPostprocessing = 0;
		};
		0CBCCB8B2E324DFB0094475A /* Resources */ = {
			isa = PBXResourcesBuildPhase;
			buildActionMask = 2147483647;
			files = (
			);
			runOnlyForDeploymentPostprocessing = 0;
		};
/* End PBXResourcesBuildPhase section */

/* Begin PBXSourcesBuildPhase section */
		0CBCCB6F2E324DF90094475A /* Sources */ = {
			isa = PBXSourcesBuildPhase;
			buildActionMask = 2147483647;
			files = (
			);
			runOnlyForDeploymentPostprocessing = 0;
		};
		0CBCCB7F2E324DFB0094475A /* Sources */ = {
			isa = PBXSourcesBuildPhase;
			buildActionMask = 2147483647;
			files = (
			);
			runOnlyForDeploymentPostprocessing = 0;
		};
		0CBCCB892E324DFB0094475A /* Sources */ = {
			isa = PBXSourcesBuildPhase;
			buildActionMask = 2147483647;
			files = (
			);
			runOnlyForDeploymentPostprocessing = 0;
		};
/* End PBXSourcesBuildPhase section */

/* Begin PBXTargetDependency section */
		0CBCCB852E324DFB0094475A /* PBXTargetDependency */ = {
			isa = PBXTargetDependency;
			target = 0CBCCB722E324DF90094475A /* Pree */;
			targetProxy = 0CBCCB842E324DFB0094475A /* PBXContainerItemProxy */;
		};
		0CBCCB8F2E324DFB0094475A /* PBXTargetDependency */ = {
			isa = PBXTargetDependency;
			target = 0CBCCB722E324DF90094475A /* Pree */;
			targetProxy = 0CBCCB8E2E324DFB0094475A /* PBXContainerItemProxy */;
		};
/* End PBXTargetDependency section */

/* Begin XCBuildConfiguration section */
		0CBCCB952E324DFB0094475A /* Debug */ = {
			isa = XCBuildConfiguration;
			baseConfigurationReferenceAnchor = 0CBCCBA92E324F530094475A /* Config */;
			baseConfigurationReferenceRelativePath = Debug.xcconfig;
			buildSettings = {
				ALWAYS_SEARCH_USER_PATHS = NO;
				ASSETCATALOG_COMPILER_GENERATE_SWIFT_ASSET_SYMBOL_EXTENSIONS = YES;
				CLANG_ANALYZER_NONNULL = YES;
				CLANG_ANALYZER_NUMBER_OBJECT_CONVERSION = YES_AGGRESSIVE;
				CLANG_CXX_LANGUAGE_STANDARD = "gnu++20";
				CLANG_ENABLE_MODULES = YES;
				CLANG_ENABLE_OBJC_ARC = YES;
				CLANG_ENABLE_OBJC_WEAK = YES;
				CLANG_WARN_BLOCK_CAPTURE_AUTORELEASING = YES;
				CLANG_WARN_BOOL_CONVERSION = YES;
				CLANG_WARN_COMMA = YES;
				CLANG_WARN_CONSTANT_CONVERSION = YES;
				CLANG_WARN_DEPRECATED_OBJC_IMPLEMENTATIONS = YES;
				CLANG_WARN_DIRECT_OBJC_ISA_USAGE = YES_ERROR;
				CLANG_WARN_DOCUMENTATION_COMMENTS = YES;
				CLANG_WARN_EMPTY_BODY = YES;
				CLANG_WARN_ENUM_CONVERSION = YES;
				CLANG_WARN_INFINITE_RECURSION = YES;
				CLANG_WARN_INT_CONVERSION = YES;
				CLANG_WARN_NON_LITERAL_NULL_CONVERSION = YES;
				CLANG_WARN_OBJC_IMPLICIT_RETAIN_SELF = YES;
				CLANG_WARN_OBJC_LITERAL_CONVERSION = YES;
				CLANG_WARN_OBJC_ROOT_CLASS = YES_ERROR;
				CLANG_WARN_QUOTED_INCLUDE_IN_FRAMEWORK_HEADER = YES;
				CLANG_WARN_RANGE_LOOP_ANALYSIS = YES;
				CLANG_WARN_STRICT_PROTOTYPES = YES;
				CLANG_WARN_SUSPICIOUS_MOVE = YES;
				CLANG_WARN_UNGUARDED_AVAILABILITY = YES_AGGRESSIVE;
				CLANG_WARN_UNREACHABLE_CODE = YES;
				CLANG_WARN__DUPLICATE_METHOD_MATCH = YES;
				COPY_PHASE_STRIP = NO;
				DEBUG_INFORMATION_FORMAT = dwarf;
				ENABLE_STRICT_OBJC_MSGSEND = YES;
				ENABLE_TESTABILITY = YES;
				ENABLE_USER_SCRIPT_SANDBOXING = YES;
				GCC_C_LANGUAGE_STANDARD = gnu17;
				GCC_DYNAMIC_NO_PIC = NO;
				GCC_NO_COMMON_BLOCKS = YES;
				GCC_OPTIMIZATION_LEVEL = 0;
				GCC_PREPROCESSOR_DEFINITIONS = (
					"DEBUG=1",
					"$(inherited)",
				);
				GCC_WARN_64_TO_32_BIT_CONVERSION = YES;
				GCC_WARN_ABOUT_RETURN_TYPE = YES_ERROR;
				GCC_WARN_UNDECLARED_SELECTOR = YES;
				GCC_WARN_UNINITIALIZED_AUTOS = YES_AGGRESSIVE;
				GCC_WARN_UNUSED_FUNCTION = YES;
				GCC_WARN_UNUSED_VARIABLE = YES;
				IPHONEOS_DEPLOYMENT_TARGET = 18.2;
				LOCALIZATION_PREFERS_STRING_CATALOGS = YES;
				MTL_ENABLE_DEBUG_INFO = INCLUDE_SOURCE;
				MTL_FAST_MATH = YES;
				ONLY_ACTIVE_ARCH = YES;
				SDKROOT = iphoneos;
				SWIFT_ACTIVE_COMPILATION_CONDITIONS = "DEBUG $(inherited)";
				SWIFT_OPTIMIZATION_LEVEL = "-Onone";
			};
			name = Debug;
		};
		0CBCCB962E324DFB0094475A /* Release */ = {
			isa = XCBuildConfiguration;
			baseConfigurationReferenceAnchor = 0CBCCBA92E324F530094475A /* Config */;
			baseConfigurationReferenceRelativePath = Release.xcconfig;
			buildSettings = {
				ALWAYS_SEARCH_USER_PATHS = NO;
				ASSETCATALOG_COMPILER_GENERATE_SWIFT_ASSET_SYMBOL_EXTENSIONS = YES;
				CLANG_ANALYZER_NONNULL = YES;
				CLANG_ANALYZER_NUMBER_OBJECT_CONVERSION = YES_AGGRESSIVE;
				CLANG_CXX_LANGUAGE_STANDARD = "gnu++20";
				CLANG_ENABLE_MODULES = YES;
				CLANG_ENABLE_OBJC_ARC = YES;
				CLANG_ENABLE_OBJC_WEAK = YES;
				CLANG_WARN_BLOCK_CAPTURE_AUTORELEASING = YES;
				CLANG_WARN_BOOL_CONVERSION = YES;
				CLANG_WARN_COMMA = YES;
				CLANG_WARN_CONSTANT_CONVERSION = YES;
				CLANG_WARN_DEPRECATED_OBJC_IMPLEMENTATIONS = YES;
				CLANG_WARN_DIRECT_OBJC_ISA_USAGE = YES_ERROR;
				CLANG_WARN_DOCUMENTATION_COMMENTS = YES;
				CLANG_WARN_EMPTY_BODY = YES;
				CLANG_WARN_ENUM_CONVERSION = YES;
				CLANG_WARN_INFINITE_RECURSION = YES;
				CLANG_WARN_INT_CONVERSION = YES;
				CLANG_WARN_NON_LITERAL_NULL_CONVERSION = YES;
				CLANG_WARN_OBJC_IMPLICIT_RETAIN_SELF = YES;
				CLANG_WARN_OBJC_LITERAL_CONVERSION = YES;
				CLANG_WARN_OBJC_ROOT_CLASS = YES_ERROR;
				CLANG_WARN_QUOTED_INCLUDE_IN_FRAMEWORK_HEADER = YES;
				CLANG_WARN_RANGE_LOOP_ANALYSIS = YES;
				CLANG_WARN_STRICT_PROTOTYPES = YES;
				CLANG_WARN_SUSPICIOUS_MOVE = YES;
				CLANG_WARN_UNGUARDED_AVAILABILITY = YES_AGGRESSIVE;
				CLANG_WARN_UNREACHABLE_CODE = YES;
				CLANG_WARN__DUPLICATE_METHOD_MATCH = YES;
				COPY_PHASE_STRIP = NO;
				DEBUG_INFORMATION_FORMAT = "dwarf-with-dsym";
				ENABLE_NS_ASSERTIONS = NO;
				ENABLE_STRICT_OBJC_MSGSEND = YES;
				ENABLE_USER_SCRIPT_SANDBOXING = YES;
				GCC_C_LANGUAGE_STANDARD = gnu17;
				GCC_NO_COMMON_BLOCKS = YES;
				GCC_WARN_64_TO_32_BIT_CONVERSION = YES;
				GCC_WARN_ABOUT_RETURN_TYPE = YES_ERROR;
				GCC_WARN_UNDECLARED_SELECTOR = YES;
				GCC_WARN_UNINITIALIZED_AUTOS = YES_AGGRESSIVE;
				GCC_WARN_UNUSED_FUNCTION = YES;
				GCC_WARN_UNUSED_VARIABLE = YES;
				IPHONEOS_DEPLOYMENT_TARGET = 18.2;
				LOCALIZATION_PREFERS_STRING_CATALOGS = YES;
				MTL_ENABLE_DEBUG_INFO = NO;
				MTL_FAST_MATH = YES;
				SDKROOT = iphoneos;
				SWIFT_COMPILATION_MODE = wholemodule;
				VALIDATE_PRODUCT = YES;
			};
			name = Release;
		};
		0CBCCB982E324DFB0094475A /* Debug */ = {
			isa = XCBuildConfiguration;
			baseConfigurationReferenceAnchor = 0CBCCBA92E324F530094475A /* Config */;
			baseConfigurationReferenceRelativePath = Debug.xcconfig;
			buildSettings = {
				ASSETCATALOG_COMPILER_APPICON_NAME = AppIcon;
				ASSETCATALOG_COMPILER_GLOBAL_ACCENT_COLOR_NAME = AccentColor;
				CODE_SIGN_STYLE = Automatic;
				CURRENT_PROJECT_VERSION = 1;
				DEVELOPMENT_ASSET_PATHS = "\"Pree/Preview Content\"";
				DEVELOPMENT_TEAM = 4JXC27SJKM;
				ENABLE_PREVIEWS = YES;
				GENERATE_INFOPLIST_FILE = YES;
				INFOPLIST_KEY_NSCameraUsageDescription = "카메라 사용을 위해 권한이 필요합니다.";
				INFOPLIST_KEY_NSMicrophoneUsageDescription = "화면 녹화 중 마이크 오디오 캡처를 위해 권한이 필요합니다.";
				INFOPLIST_KEY_NSPhotoLibraryAddUsageDescription = "We need access to your photo library to store and manage your recorded videos.";
				INFOPLIST_KEY_NSPhotoLibraryUsageDescription = "녹화된 영상을 사진 보관함에 저장하기 위해 접근이 필요합니다.";
				INFOPLIST_KEY_UIApplicationSceneManifest_Generation = YES;
				INFOPLIST_KEY_UIApplicationSupportsIndirectInputEvents = YES;
				INFOPLIST_KEY_UILaunchScreen_Generation = YES;
				INFOPLIST_KEY_UISupportedInterfaceOrientations_iPad = "UIInterfaceOrientationPortrait UIInterfaceOrientationPortraitUpsideDown UIInterfaceOrientationLandscapeLeft UIInterfaceOrientationLandscapeRight";
				INFOPLIST_KEY_UISupportedInterfaceOrientations_iPhone = "UIInterfaceOrientationPortrait UIInterfaceOrientationLandscapeLeft UIInterfaceOrientationLandscapeRight";
				LD_RUNPATH_SEARCH_PATHS = (
					"$(inherited)",
					"@executable_path/Frameworks",
				);
				MARKETING_VERSION = 1.0;
				PRODUCT_BUNDLE_IDENTIFIER = com.aespard.www.Pree;
				PRODUCT_NAME = "$(TARGET_NAME)";
				SWIFT_EMIT_LOC_STRINGS = YES;
				SWIFT_VERSION = 5.0;
				TARGETED_DEVICE_FAMILY = "1,2";
			};
			name = Debug;
		};
		0CBCCB992E324DFB0094475A /* Release */ = {
			isa = XCBuildConfiguration;
			baseConfigurationReferenceAnchor = 0CBCCBA92E324F530094475A /* Config */;
			baseConfigurationReferenceRelativePath = Release.xcconfig;
			buildSettings = {
				ASSETCATALOG_COMPILER_APPICON_NAME = AppIcon;
				ASSETCATALOG_COMPILER_GLOBAL_ACCENT_COLOR_NAME = AccentColor;
				CODE_SIGN_STYLE = Automatic;
				CURRENT_PROJECT_VERSION = 1;
				DEVELOPMENT_ASSET_PATHS = "\"Pree/Preview Content\"";
				DEVELOPMENT_TEAM = 4JXC27SJKM;
				ENABLE_PREVIEWS = YES;
				GENERATE_INFOPLIST_FILE = YES;
				INFOPLIST_KEY_NSCameraUsageDescription = "카메라 사용을 위해 권한이 필요합니다.";
				INFOPLIST_KEY_NSMicrophoneUsageDescription = "화면 녹화 중 마이크 오디오 캡처를 위해 권한이 필요합니다.";
				INFOPLIST_KEY_NSPhotoLibraryAddUsageDescription = "We need access to your photo library to store and manage your recorded videos.";
				INFOPLIST_KEY_NSPhotoLibraryUsageDescription = "녹화된 영상을 사진 보관함에 저장하기 위해 접근이 필요합니다.";
				INFOPLIST_KEY_UIApplicationSceneManifest_Generation = YES;
				INFOPLIST_KEY_UIApplicationSupportsIndirectInputEvents = YES;
				INFOPLIST_KEY_UILaunchScreen_Generation = YES;
				INFOPLIST_KEY_UISupportedInterfaceOrientations_iPad = "UIInterfaceOrientationPortrait UIInterfaceOrientationPortraitUpsideDown UIInterfaceOrientationLandscapeLeft UIInterfaceOrientationLandscapeRight";
				INFOPLIST_KEY_UISupportedInterfaceOrientations_iPhone = "UIInterfaceOrientationPortrait UIInterfaceOrientationLandscapeLeft UIInterfaceOrientationLandscapeRight";
				LD_RUNPATH_SEARCH_PATHS = (
					"$(inherited)",
					"@executable_path/Frameworks",
				);
				MARKETING_VERSION = 1.0;
				PRODUCT_BUNDLE_IDENTIFIER = com.aespard.www.Pree;
				PRODUCT_NAME = "$(TARGET_NAME)";
				SWIFT_EMIT_LOC_STRINGS = YES;
				SWIFT_VERSION = 5.0;
				TARGETED_DEVICE_FAMILY = "1,2";
			};
			name = Release;
		};
		0CBCCB9B2E324DFB0094475A /* Debug */ = {
			isa = XCBuildConfiguration;
			baseConfigurationReferenceAnchor = 0CBCCBA92E324F530094475A /* Config */;
			baseConfigurationReferenceRelativePath = Debug.xcconfig;
			buildSettings = {
				BUNDLE_LOADER = "$(TEST_HOST)";
				CODE_SIGN_STYLE = Automatic;
				CURRENT_PROJECT_VERSION = 1;
				GENERATE_INFOPLIST_FILE = YES;
				IPHONEOS_DEPLOYMENT_TARGET = 18.2;
				MARKETING_VERSION = 1.0;
				PRODUCT_BUNDLE_IDENTIFIER = com.aespard.www.PreeTests;
				PRODUCT_NAME = "$(TARGET_NAME)";
				SWIFT_EMIT_LOC_STRINGS = NO;
				SWIFT_VERSION = 5.0;
				TARGETED_DEVICE_FAMILY = "1,2";
				TEST_HOST = "$(BUILT_PRODUCTS_DIR)/Pree.app/$(BUNDLE_EXECUTABLE_FOLDER_PATH)/Pree";
			};
			name = Debug;
		};
		0CBCCB9C2E324DFB0094475A /* Release */ = {
			isa = XCBuildConfiguration;
			baseConfigurationReferenceAnchor = 0CBCCBA92E324F530094475A /* Config */;
			baseConfigurationReferenceRelativePath = Release.xcconfig;
			buildSettings = {
				BUNDLE_LOADER = "$(TEST_HOST)";
				CODE_SIGN_STYLE = Automatic;
				CURRENT_PROJECT_VERSION = 1;
				GENERATE_INFOPLIST_FILE = YES;
				IPHONEOS_DEPLOYMENT_TARGET = 18.2;
				MARKETING_VERSION = 1.0;
				PRODUCT_BUNDLE_IDENTIFIER = com.aespard.www.PreeTests;
				PRODUCT_NAME = "$(TARGET_NAME)";
				SWIFT_EMIT_LOC_STRINGS = NO;
				SWIFT_VERSION = 5.0;
				TARGETED_DEVICE_FAMILY = "1,2";
				TEST_HOST = "$(BUILT_PRODUCTS_DIR)/Pree.app/$(BUNDLE_EXECUTABLE_FOLDER_PATH)/Pree";
			};
			name = Release;
		};
		0CBCCB9E2E324DFB0094475A /* Debug */ = {
			isa = XCBuildConfiguration;
			baseConfigurationReferenceAnchor = 0CBCCBA92E324F530094475A /* Config */;
			baseConfigurationReferenceRelativePath = Debug.xcconfig;
			buildSettings = {
				CODE_SIGN_STYLE = Automatic;
				CURRENT_PROJECT_VERSION = 1;
				GENERATE_INFOPLIST_FILE = YES;
				MARKETING_VERSION = 1.0;
				PRODUCT_BUNDLE_IDENTIFIER = com.aespard.www.PreeUITests;
				PRODUCT_NAME = "$(TARGET_NAME)";
				SWIFT_EMIT_LOC_STRINGS = NO;
				SWIFT_VERSION = 5.0;
				TARGETED_DEVICE_FAMILY = "1,2";
				TEST_TARGET_NAME = Pree;
			};
			name = Debug;
		};
		0CBCCB9F2E324DFB0094475A /* Release */ = {
			isa = XCBuildConfiguration;
			baseConfigurationReferenceAnchor = 0CBCCBA92E324F530094475A /* Config */;
			baseConfigurationReferenceRelativePath = Release.xcconfig;
			buildSettings = {
				CODE_SIGN_STYLE = Automatic;
				CURRENT_PROJECT_VERSION = 1;
				GENERATE_INFOPLIST_FILE = YES;
				MARKETING_VERSION = 1.0;
				PRODUCT_BUNDLE_IDENTIFIER = com.aespard.www.PreeUITests;
				PRODUCT_NAME = "$(TARGET_NAME)";
				SWIFT_EMIT_LOC_STRINGS = NO;
				SWIFT_VERSION = 5.0;
				TARGETED_DEVICE_FAMILY = "1,2";
				TEST_TARGET_NAME = Pree;
			};
			name = Release;
		};
/* End XCBuildConfiguration section */

/* Begin XCConfigurationList section */
		0CBCCB6E2E324DF90094475A /* Build configuration list for PBXProject "Pree" */ = {
			isa = XCConfigurationList;
			buildConfigurations = (
				0CBCCB952E324DFB0094475A /* Debug */,
				0CBCCB962E324DFB0094475A /* Release */,
			);
			defaultConfigurationIsVisible = 0;
			defaultConfigurationName = Release;
		};
		0CBCCB972E324DFB0094475A /* Build configuration list for PBXNativeTarget "Pree" */ = {
			isa = XCConfigurationList;
			buildConfigurations = (
				0CBCCB982E324DFB0094475A /* Debug */,
				0CBCCB992E324DFB0094475A /* Release */,
			);
			defaultConfigurationIsVisible = 0;
			defaultConfigurationName = Release;
		};
		0CBCCB9A2E324DFB0094475A /* Build configuration list for PBXNativeTarget "PreeTests" */ = {
			isa = XCConfigurationList;
			buildConfigurations = (
				0CBCCB9B2E324DFB0094475A /* Debug */,
				0CBCCB9C2E324DFB0094475A /* Release */,
			);
			defaultConfigurationIsVisible = 0;
			defaultConfigurationName = Release;
		};
		0CBCCB9D2E324DFB0094475A /* Build configuration list for PBXNativeTarget "PreeUITests" */ = {
			isa = XCConfigurationList;
			buildConfigurations = (
				0CBCCB9E2E324DFB0094475A /* Debug */,
				0CBCCB9F2E324DFB0094475A /* Release */,
			);
			defaultConfigurationIsVisible = 0;
			defaultConfigurationName = Release;
		};
/* End XCConfigurationList section */
	};
	rootObject = 0CBCCB6B2E324DF90094475A /* Project object */;
}
